version = 1
revision = 3
requires-python = ">=3.12"

[[package]]
name = "hiper"
version = "0.1.0"
source = { editable = "." }
dependencies = [
    { name = "textual" },
    { name = "wcwidth" },
]

[package.dev-dependencies]
dev = [
    { name = "ruff" },
    { name = "ty" },
]

[package.metadata]
requires-dist = [
    { name = "textual", specifier = ">=8,<9" },
    { name = "wcwidth", specifier = ">=0.2.13" },
]

[package.metadata.requires-dev]
dev = [
    { name = "ruff", specifier = ">=0.15" },
    { name = "ty", specifier = ">=0.0.84" },
]

[[package]]
name = "linkify-it-py"
version = "2.2.0"
source = { registry = "https://pypi.org/simple" }
sdist = { url = "https://files.pythonhosted.org/packages/45/98/7a1a5f31fd5c7ba93e963b168e244b8e3dd705b3d2a718e3c3307583bf57/linkify_it_py-2.2.0.tar.gz", hash = "sha256:907acd2d17ac1fbb9ddb62c8957ccbd6158cac602231a15c3b0cd1e215f03cee", size = 32939, upload-time = "2026-08-29T07:07:08.305Z" }
wheels = [
    { url = "https://files.pythonhosted.org/packages/13/d4/1152d1c7ab42d8b908be64fd200ddc870dc9d4925e951198702084aa1a7d/linkify_it_py-2.2.0-py3-none-any.whl", hash = "sha256:3adc40eb5af300b2605fcfdb968c24e1d780a90f1f2221af7c15e5111e94d443", size = 21971, upload-time = "2026-08-29T07:07:07.164Z" },
]

[[package]]
name = "markdown-it-py"
version = "4.2.0"
source = { registry = "https://pypi.org/simple" }
dependencies = [
    { name = "mdurl" },
]
sdist = { url = "https://files.pythonhosted.org/packages/06/ff/7841249c247aa650a76b9ee4bbaeae59370dc8bfd2f6c01f3630c35eb134/markdown_it_py-4.2.0.tar.gz", hash = "sha256:04a21681d6fbb623de53f6f364d352309d4094dd4194040a10fd51833e418d49", size = 82454, upload-time = "2026-05-07T12:08:28.36Z" }
wheels = [
    { url = "https://files.pythonhosted.org/packages/b3/81/4da04ced5a082363ecfa159c010d200ecbd959ae410c10c0264a38cac0f5/markdown_it_py-4.2.0-py3-none-any.whl", hash = "sha256:9f7ebbcd14fe59494226453aed97c1070d83f8d24b6fc3a3bcf9a38092641c4a", size = 91687, upload-time = "2026-05-07T12:08:27.182Z" },
]

[package.optional-dependencies]
linkify = [
    { name = "linkify-it-py" },
]

[[package]]
name = "mdit-py-plugins"
version = "0.6.1"
source = { registry = "https://pypi.org/simple" }
dependencies = [
    { name = "markdown-it-py" },
]
sdist = { url = "https://files.pythonhosted.org/packages/59/fc/f8d0863f8862f25602c0404d75568e89fb6b4109804645e5cdfb1be5cf56/mdit_py_plugins-0.6.1.tar.gz", hash = "sha256:a2bca0f039f39dbd35fb74ae1b5f998608c437463371f0ff7f49a19a17a114d0", size = 56114, upload-time = "2026-05-13T09:03:38.91Z" }
wheels = [
    { url = "https://files.pythonhosted.org/packages/a5/69/6da5581c6a7fede7dc261bf4e67d6adca4196f176b43288b55b3db395b6e/mdit_py_plugins-0.6.1-py3-none-any.whl", hash = "sha256:214c82fb2ac524472ab6a5bcab1de80f73b50443e187f401bfd77efbc7c6481d", size = 66663, upload-time = "2026-05-13T09:03:37.76Z" },
]

[[package]]
name = "mdurl"
version = "0.1.2"
source = { registry = "https://pypi.org/simple" }
sdist = { url = "https://files.pythonhosted.org/packages/d6/54/cfe61301667036ec958cb99bd3efefba235e65cdeb9c84d24a8293ba1d90/mdurl-0.1.2.tar.gz", hash = "sha256:bb413d29f5eea38f31dd4754dd7377d4465116fb207585f97bf925588687c1ba", size = 8729, upload-time = "2022-08-14T12:40:10.846Z" }
wheels = [
    { url = "https://files.pythonhosted.org/packages/b3/38/89ba8ad64ae25be8de66a6d463314cf1eb366222074cfda9ee839c56a4b4/mdurl-0.1.2-py3-none-any.whl", hash = "sha256:84008a41e51615a49fc9966191ff91509e3c40b939176e643fd50a5c2196b8f8", size = 9979, upload-time = "2022-08-14T12:40:09.779Z" },
]

[[package]]
name = "platformdirs"
version = "4.12.2"
source = { registry = "https://pypi.org/simple" }
sdist = { url = "https://files.pythonhosted.org/packages/17/c8/721b3855fe457da514fe249247d404b9b39c5d16532278f70ebaa6acf18b/platformdirs-4.12.2.tar.gz", hash = "sha256:eab5f70271a490ef74618bb314fbb86e3c7e82fa3b9c922c2ea0e0a1a155d329", size = 59353, upload-time = "2026-09-29T18:27:56.009Z" }
wheels = [
    { url = "https://files.pythonhosted.org/packages/d0/89/446044f33aba0348d35e433f56d12206d010a5281a1df54054d4cfb82388/platformdirs-4.12.2-py3-none-any.whl", hash = "sha256:29dbf06d96c500bc6bdbce75fb0a14d63279c93b1842f97e72a135b33e856983", size = 32457, upload-time = "2026-09-29T18:27:54.43Z" },
]

[[package]]
name = "pygments"
version = "2.21.0"
source = { registry = "https://pypi.org/simple" }
sdist = { url = "https://files.pythonhosted.org/packages/49/2e/ced460408999b33da6b31b0021b0f37d329e202d4169aeb164493778f25b/pygments-2.21.0.tar.gz", hash = "sha256:610ca751c9bc2492b38eb9a38a7fbc93edbbb2d7182edaf34e66ae493dee5c8c", size = 5005329, upload-time = "2026-08-17T08:02:48.824Z" }
wheels = [
    { url = "https://files.pythonhosted.org/packages/71/46/17f022dd3e953bf20a04a028a21ec746d942f8d2af30fa0f124fa0e6a684/pygments-2.21.0-py3-none-any.whl", hash = "sha256:2363c69b61c4a97c838da3b130dcd6468f4848992b21a82f2a63ec34377137d9", size = 1250147, upload-time = "2026-08-17T08:02:44.912Z" },
]

[[package]]
name = "rich"
version = "15.0.0"
source = { registry = "https://pypi.org/simple" }
dependencies = [
    { name = "markdown-it-py" },
    { name = "pygments" },
]
sdist = { url = "https://files.pythonhosted.org/packages/c0/8f/0722ca900cc807c13a6a0c696dacf35430f72e0ec571c4275d2371fca3e9/rich-15.0.0.tar.gz", hash = "sha256:edd07a4824c6b40189fb7ac9bc4c52536e9780fbbfbddf6f1e2502c31b068c36", size = 230680, upload-time = "2026-04-12T08:24:00.75Z" }
wheels = [
    { url = "https://files.pythonhosted.org/packages/82/3b/64d4899d73f91ba49a8c18a8ff3f0ea8f1c1d75481760df8c68ef5235bf5/rich-15.0.0-py3-none-any.whl", hash = "sha256:33bd4ef74232fb73fe9279a257718407f169c09b78a87ad3d296f548e27de0bb", size = 310654, upload-time = "2026-04-12T08:24:02.83Z" },
]

[[package]]
name = "ruff"
version = "0.16.10"
source = { registry = "https://pypi.org/simple" }
sdist = { url = "https://files.pythonhosted.org/packages/c4/49/23802c45f093eb14bde54b141d2b2f058edfa63a06db7beed047308cc08f/ruff-0.16.10.tar.gz", hash = "sha256:eff4728c4eaae93f0955cd264d24b2ab348e74bf59986ccf282ba6dc16b3b017", size = 4958724, upload-time = "2026-10-01T18:03:21.697Z" }
wheels = [
    { url = "https://files.pythonhosted.org/packages/2f/21/ebce22e1d90cdb2cd691026b9c6e9bec6499f0b396089481755b5d49efff/ruff-0.16.10-py3-none-linux_armv6l.whl", hash = "sha256:488b0fe3f3574210e5cf80d9f59b9e3ab17a127a8155de3f307b392589cfb511", size = 10095557, upload-time = "2026-10-01T18:02:36.072Z" },
    { url = "https://files.pythonhosted.org/packages/cb/98/a54de85876a8b2612bfa0d84c7b9abfb39c6a3354aee7800b09c1649b9e3/ruff-0.16.10-py3-none-macosx_10_12_x86_64.whl", hash = "sha256:e748ff95c934c4e978783b8e687bc174e7bd84e8ad24e3243e1ecfcda5e0282d", size = 10340577, upload-time = "2026-10-01T18:02:39.258Z" },
    { url = "https://files.pythonhosted.org/packages/9f/16/1a5a4a2657effe4806110f2b907313802f1367fcdbb29e8122766e407fab/ruff-0.16.10-py3-none-macosx_11_0_arm64.whl", hash = "sha256:3031a4a2e8e7b8a46f70be45f198c35a11ece509a94b80334d8d397a33c67550", size = 9774282, upload-time = "2026-10-01T18:02:41.79Z" },
    { url = "https://files.pythonhosted.org/packages/6e/fb/470085af734da396e68cd80fb0a3e7c109a459716ae59588c0f6fab8a17d/ruff-0.16.10-py3-none-manylinux_2_17_aarch64.manylinux2014_aarch64.whl", hash = "sha256:494401c86df4c4c25f69b9419605d944467ee98c42fb6ad405ef4fa40b8fb67d", size = 9920895, upload-time = "2026-10-01T18:02:44.458Z" },
    { url = "https://files.pythonhosted.org/packages/57/de/f10cffe4f88a37ea6615ec460f01bf76f0bc1477737a35d9ee61a630a78b/ruff-0.16.10-py3-none-manylinux_2_17_armv7l.manylinux2014_armv7l.whl", hash = "sha256:d203abc0ff2b773ee33d00ab8df0bb67046fbc7c07b119332f08b9b345cf8221", size = 9902707, upload-time = "2026-10-01T18:02:47.041Z" },
    { url = "https://files.pythonhosted.org/packages/ff/44/3fdcedf83ae60ef837dd239170e480dce606a9142cfa2db911afdf855fd9/ruff-0.16.10-py3-none-manylinux_2_17_i686.manylinux2014_i686.whl", hash = "sha256:bd83d1235a5258d318477bc5b576303974cbdef5df0c01a1bff14efcc23bd12a", size = 10619287, upload-time = "2026-10-01T18:02:49.485Z" },
    { url = "https://files.pythonhosted.org/packages/c1/62/02e76a5574002153618eafbb70e159468addc72a5d2c488e65cbb4639d2d/ruff-0.16.10-py3-none-manylinux_2_17_ppc64le.manylinux2014_ppc64le.whl", hash = "sha256:bc2610fb269fa56dd8a68669ae470fa6272902668c0fc2ebc3aa112b2633d5b8", size = 11339942, upload-time = "2026-10-01T18:02:52.008Z" },
    { url = "https://files.pythonhosted.org/packages/6b/c4/cde27d47ad8d4126c587e608c67c46e7feac11763f606d261a1bc8a489e6/ruff-0.16.10-py3-none-manylinux_2_17_s390x.manylinux2014_s390x.whl", hash = "sha256:3e70175e29cc94c26ea296c80e470180b744b7419026898e58f520c6ab32578e", size = 10934316, upload-time = "2026-10-01T18:02:54.811Z" },
    { url = "https://files.pythonhosted.org/packages/e4/03/17234145f302a645a123e8c3bb2411ecf4669fbc350de3b0d803230a1729/ruff-0.16.10-py3-none-manylinux_2_17_x86_64.manylinux2014_x86_64.whl", hash = "sha256:f33f43a864a8483eebd160e713336c8bab02c934feaff0a33cf5ccb41546d09a", size = 10387968, upload-time = "2026-10-01T18:02:57.497Z" },
    { url = "https://files.pythonhosted.org/packages/71/29/2493af60240ee7644b38a4b821f5f9c3b5a4fa3178770fe1d0c685217395/ruff-0.16.10-py3-none-manylinux_2_31_riscv64.whl", hash = "sha256:1dfc6f0088149fb6a362c1c446bcbb3fd2157b3852fe2fa68409276eab9ad9b3", size = 10537906, upload-time = "2026-10-01T18:03:00.006Z" },
    { url = "https://files.pythonhosted.org/packages/2e/9a/f56b28f3b143bb9e518c34fb89ab191b626bca8b70dbf8af0d2e2d473572/ruff-0.16.10-py3-none-musllinux_1_2_aarch64.whl", hash = "sha256:6553498afc35f580f036030795810b9e6bcea31604b0fd9e8d352795473042e3", size = 10012938, upload-time = "2026-10-01T18:03:03.006Z" },
    { url = "https://files.pythonhosted.org/packages/c2/c4/fca37362848ea4d4d80712df13632e645e7c7cfb1bdedf140699ac7a090b/ruff-0.16.10-py3-none-musllinux_1_2_armv7l.whl", hash = "sha256:a3b8471dea115d37f123882be852bed13403746d3a76c11de4a19ec5f9ff5a03", size = 9897945, upload-time = "2026-10-01T18:03:05.818Z" },
    { url = "https://files.pythonhosted.org/packages/7d/c7/e0bc57664d6e0c61fd22f620af260fe9662d7e1ddb320ea7f160e76ef165/ruff-0.16.10-py3-none-musllinux_1_2_i686.whl", hash = "sha256:92e59a70bcbd9d3a5483656da906ec28edfdacfce00afd99edb8b4e9d15644be", size = 10333134, upload-time = "2026-10-01T18:03:08.25Z" },
    { url = "https://files.pythonhosted.org/packages/21/aa/5c9f3b68737c0e4a33a1db5dfab44f7b786d96ca91a7233112ddab1e6dc2/ruff-0.16.10-py3-none-musllinux_1_2_x86_64.whl", hash = "sha256:7ae7375f803b5520dc9f546bed7e3a0acb70b91812e9bb4b19927de22f25b77d", size = 10741702, upload-time = "2026-10-01T18:03:10.775Z" },
    { url = "https://files.pythonhosted.org/packages/78/fa/0f9c2020dc316c53d983be011720b8157cc052b97e3f4dfa7db6d0f880a6/ruff-0.16.10-py3-none-win32.whl", hash = "sha256:2a12e01cb9156c10c466f63b46eaae5ecea28dfbd21b5836353ae498e7d1349a", size = 10139176, upload-time = "2026-10-01T18:03:13.267Z" },
    { url = "https://files.pythonhosted.org/packages/99/29/cfb0df9448d4d4ad48c2de029ada9ebd71baa6da983a6c77ee6c6cd0fe82/ruff-0.16.10-py3-none-win_amd64.whl", hash = "sha256:97f2015c92aa97105b0eab19eb5d224884399281cfc5da86a92db4ab5e7fb2ca", size = 10584734, upload-time = "2026-10-01T18:03:16.006Z" },
    { url = "https://files.pythonhosted.org/packages/fc/05/c16957eb287c3fc062e032619a25868d93d408a844b725bcf514f7a378ff/ruff-0.16.10-py3-none-win_arm64.whl", hash = "sha256:25a65fe998c4e6861ec079ada5826a2fc605e6cbccbe9dcd7fac1f54e791621b", size = 10366440, upload-time = "2026-10-01T18:03:19.04Z" },
]

[[package]]
name = "textual"
version = "8.2.8"
source = { registry = "https://pypi.org/simple" }
dependencies = [
    { name = "markdown-it-py", extra = ["linkify"] },
    { name = "mdit-py-plugins" },
    { name = "platformdirs" },
    { name = "pygments" },
    { name = "rich" },
    { name = "typing-extensions" },
]
sdist = { url = "https://files.pythonhosted.org/packages/00/21/39a76b01bd5eea82a04baaca7580e105d8c59450df03998345bb2cfb307b/textual-8.2.8.tar.gz", hash = "sha256:3f106a9fbc73e39dd266c9712432087de78a6d644084c7c241d6a25c3169115b", size = 1860502, upload-time = "2026-06-30T06:51:24.495Z" }
wheels = [
    { url = "https://files.pythonhosted.org/packages/fb/be/35261223d9416a0751cdff1c7b4a6f881387218a12d439fe22fefebc8c04/textual-8.2.8-py3-none-any.whl", hash = "sha256:267375fd402dc8d981457212efa71f0e3365fd17bba144ba9bb3ed7563cb374a", size = 731418, upload-time = "2026-06-30T06:51:26.364Z" },
]

[[package]]
name = "ty"
version = "0.0.84"
source = { registry = "https://pypi.org/simple" }
sdist = { url = "https://files.pythonhosted.org/packages/e1/f6/34f8869c45ea87fe6a931ffa824b1fe4428167173543d92988d631add355/ty-0.0.84.tar.gz", hash = "sha256:0cefdb0cd5d399418dbe83c349ba605047b7dff815ae6f460c80e8522b40be67", size = 7409537, upload-time = "2026-09-24T13:16:24.367Z" }
wheels = [
    { url = "https://files.pythonhosted.org/packages/aa/0c/600648778e1c79133ce6b6a5c4c2531ae16b90c9b30f5041b38b574f61b8/ty-0.0.84-py3-none-linux_armv6l.whl", hash = "sha256:868438e2b9abfc835dd5b5b07ed693db95d8348ac40e3228252511d63ae87695", size = 13935333, upload-time = "2026-09-24T13:15:31.167Z" },
    { url = "https://files.pythonhosted.org/packages/c5/3b/27f06f49945c36170765fad82076898039ae3873338e9865f876dd62f12c/ty-0.0.84-py3-none-macosx_10_12_x86_64.whl", hash = "sha256:b00f39b521f0b559cde0f6abf8dd47213b513b04f33d58efeb9b98486a16bb17", size = 13511328, upload-time = "2026-09-24T13:15:34.446Z" },
    { url = "https://files.pythonhosted.org/packages/fc/b6/b12dd130e7f30141f0645614f454c925991cd389b1cc6c8284fd6bf32326/ty-0.0.84-py3-none-macosx_11_0_arm64.whl", hash = "sha256:8f78c2915567f2ee62ce0c24d86091bc76f81577677755e242d09951db588b9a", size = 13445445, upload-time = "2026-09-24T13:15:37.476Z" },
    { url = "https://files.pythonhosted.org/packages/44/96/f012de4b3c1d9a4773326621380d768b4d48c47e620dc012775c5e01c7d7/ty-0.0.84-py3-none-manylinux_2_17_aarch64.manylinux2014_aarch64.whl", hash = "sha256:61155cad0921e890d86d1d911a40b3a0e924ef4bdc3b4f3865a6c89c7e3012dc", size = 13471235, upload-time = "2026-09-24T13:15:40.64Z" },
    { url = "https://files.pythonhosted.org/packages/05/32/dca630f5f5353fa7bf67eebccf1549df99b16656d21071d0df6677c826a5/ty-0.0.84-py3-none-manylinux_2_17_armv7l.manylinux2014_armv7l.whl", hash = "sha256:417c3bf14947ed16b0b92976ab333c27915590354e96d4f581709068d3811355", size = 13680704, upload-time = "2026-09-24T13:15:43.817Z" },
    { url = "https://files.pythonhosted.org/packages/44/8d/33702c8f62f05ad45b33644fb914d483de6a0a7bc8e51884e9b8773e6d69/ty-0.0.84-py3-none-manylinux_2_17_i686.manylinux2014_i686.whl", hash = "sha256:e06ef117759f654f5379efe9ae79bda8a186016c016f1023d05c34f8e15c1546", size = 14518923, upload-time = "2026-09-24T13:15:46.802Z" },
    { url = "https://files.pythonhosted.org/packages/c8/a1/da3246e6ef2ae0e842bca4058b25c54bee55ab058ffff4ee54e72517ec01/ty-0.0.84-py3-none-manylinux_2_17_ppc64le.manylinux2014_ppc64le.whl", hash = "sha256:a05d1d53db8b64410ab38c6e32c5898510584869d1d5dd9c0605db81c9aef7df", size = 15027731, upload-time = "2026-09-24T13:15:49.755Z" },
    { url = "https://files.pythonhosted.org/packages/20/17/b0099098a560aeb4f9fde6c912f9a81622c3e44e6555e1fbe322b368ec31/ty-0.0.84-py3-none-manylinux_2_17_s390x.manylinux2014_s390x.whl", hash = "sha256:b92400494ab855cfb1204ac1101e3f53b2d09a8e21d171758b2cf9acdab1809e", size = 14748260, upload-time = "2026-09-24T13:15:52.713Z" },
    { url = "https://files.pythonhosted.org/packages/60/d5/32cd67aedb271f006e716ad093806c96c5d7e2af86be8255469dbd3d76c8/ty-0.0.84-py3-none-manylinux_2_17_x86_64.manylinux2014_x86_64.whl", hash = "sha256:af17eb391ae3027fed9be1780bea555c2b8a25ba68e184c627b4981b2c9eaab7", size = 14205858, upload-time = "2026-09-24T13:15:55.677Z" },
    { url = "https://files.pythonhosted.org/packages/43/c4/638ac62ca2e8eca1b92e3e16273085744fada728b993500819b5c258ca15/ty-0.0.84-py3-none-manylinux_2_31_riscv64.whl", hash = "sha256:44cf06af0e7ec78ea6d8ff33a3450fc19627756a4fba681f7410d4e3ef63047a", size = 14573196, upload-time = "2026-09-24T13:15:59.165Z" },
    { url = "https://files.pythonhosted.org/packages/a6/f6/9ee81c5d8921e5fd5f10889ae563c95cd3272b31df2ada528919ca1cef6b/ty-0.0.84-py3-none-musllinux_1_2_aarch64.whl", hash = "sha256:c6e56b443ff9ba462e34bfbc1e582004c2719ed35f8f93a433744b0ba0afb2d9", size = 13480760, upload-time = "2026-09-24T13:16:02.313Z" },
    { url = "https://files.pythonhosted.org/packages/f6/83/fbe5d1177667ae16d84c3242846b143809c9cc09568b333e5a9b4d5908f6/ty-0.0.84-py3-none-musllinux_1_2_armv7l.whl", hash = "sha256:8b6562fcc48820c1030e2a4509ef2c14ef93043ca4860280074314ac3a825b95", size = 13696346, upload-time = "2026-09-24T13:16:05.391Z" },
    { url = "https://files.pythonhosted.org/packages/86/9a/1b4ac9ddc34cc0ab4624bc219825d66af52f1ad87f4778ad08ad03fa06d5/ty-0.0.84-py3-none-musllinux_1_2_i686.whl", hash = "sha256:dee7421451efcbd70f03e95a8f2c8d9e5ec3d35edcd27b4095ee00ee062abfc4", size = 13959410, upload-time = "2026-09-24T13:16:08.661Z" },
    { url = "https://files.pythonhosted.org/packages/c9/04/70e289437a67dfd686056ab4fd91880261a8233033a6a95d29393741fb97/ty-0.0.84-py3-none-musllinux_1_2_x86_64.whl", hash = "sha256:31e96307cf621babe969307dd657783d672e2d8bdbd06493710da635bf63fa07", size = 14350294, upload-time = "2026-09-24T13:16:11.865Z" },
    { url = "https://files.pythonhosted.org/packages/9c/f4/ae7dbd118425c850981d23efb850f0d9d7f6b8d2b852bde2767434f668b4/ty-0.0.84-py3-none-win32.whl", hash = "sha256:4bdc85f91cbaae35825f2b17bb4ac5de0563367875cb0f42b2bf07a1bf7ff2ba", size = 13176439, upload-time = "2026-09-24T13:16:15.049Z" },
    { url = "https://files.pythonhosted.org/packages/29/ec/994d87252f065dda5a500bc8afc726d18f6582d81d6f4ff1feb8a267c800/ty-0.0.84-py3-none-win_amd64.whl", hash = "sha256:71cc9aa7a7c89d4e12c6a814e9c0c3310ad5bee44efedbd6f5a42d91e9ac0f0d", size = 13962879, upload-time = "2026-09-24T13:16:18.191Z" },
    { url = "https://files.pythonhosted.org/packages/6d/1c/e6e91852b72566b1ab9aca504712857dfb89324c12092a5bd61d42d34427/ty-0.0.84-py3-none-win_arm64.whl", hash = "sha256:6c9d3718c4a0d318bc9c92af9b2aa85c3294e7dff54cf1d69ad79568f56516da", size = 13656453, upload-time = "2026-09-24T13:16:21.51Z" },
]

[[package]]
name = "typing-extensions"
version = "4.16.0"
source = { registry = "https://pypi.org/simple" }
sdist = { url = "https://files.pythonhosted.org/packages/f6/cc/6253133b5bb138fc3306cebfbda2c520f545d36b5be2c7255cc528bb45d6/typing_extensions-4.16.0.tar.gz", hash = "sha256:dc983d19a509c94dba722ee6abd33940f7c05a89e243c47e907eb4db6f1a43e5", size = 113555, upload-time = "2026-07-02T08:40:05.92Z" }
wheels = [
    { url = "https://files.pythonhosted.org/packages/49/d3/b8441a820a491ddfc024b0b0cf0393375b75ea13866d9c66727e54c2fc80/typing_extensions-4.16.0-py3-none-any.whl", hash = "sha256:481caa481374e813c1b176ada14e97f1f67a4539ce9cfeb3f350d78d6370c2e8", size = 45571, upload-time = "2026-07-02T08:40:04.659Z" },
]

[[package]]
name = "wcwidth"
version = "0.9.1"
source = { registry = "https://pypi.org/simple" }
sdist = { url = "https://files.pythonhosted.org/packages/dc/ac/3a943d2792c9bb368aaa8b50121c0f778460ba2d7fbdc0a0366201d9e761/wcwidth-0.9.1.tar.gz", hash = "sha256:5823209b0d43af322ce698c689380d7c15ca31fa8e6e3be8459f27031bef0af5", size = 952410, upload-time = "2026-09-23T20:23:49.127Z" }
wheels = [
    { url = "https://files.pythonhosted.org/packages/48/7c/130de33c0a7f6efecee28fef5711fc1f8d55ac33885a6b85f4f6689004ba/wcwidth-0.9.1-cp310-abi3-macosx_10_9_x86_64.whl", hash = "sha256:10b00ba23482e352f874d2e8135e7ace9da838646c7dd800566246bbd46125ff", size = 604219, upload-time = "2026-09-23T20:23:22.071Z" },
    { url = "https://files.pythonhosted.org/packages/33/7c/c7bb03da54de7ac5a08753e186b963f91847b04ed8ae5be136a4d5f52b75/wcwidth-0.9.1-cp310-abi3-macosx_11_0_arm64.whl", hash = "sha256:40d936d72c9bdc10df43f93a8be502bc5024b487259139f66a328722c07f34a9", size = 609038, upload-time = "2026-09-23T20:23:24.941Z" },
    { url = "https://files.pythonhosted.org/packages/0b/71/f57effdf895c2d6d49333f1d6833a9f5438725c55a04ed3124a1c95bb3aa/wcwidth-0.9.1-cp310-abi3-manylinux1_i686.manylinux2014_i686.manylinux_2_17_i686.manylinux_2_5_i686.whl", hash = "sha256:69bb970cf5652b88cfdb9d3fdd1764fc15e5f8ad531643e7bb3e894cd969740e", size = 761464, upload-time = "2026-09-23T20:23:32.425Z" },
    { url = "https://files.pythonhosted.org/packages/4f/16/15b03d8fb7a747d0d2cf4a33da7b1b3e092493c58780f6589d5b1e9e3b49/wcwidth-0.9.1-cp310-abi3-manylinux2014_aarch64.manylinux_2_17_aarch64.whl", hash = "sha256:b5da43d6967668982e44a52fb551967d293f86d26cd86036ac95bbdd34394ed9", size = 770483, upload-time = "2026-09-23T20:23:28.128Z" },
    { url = "https://files.pythonhosted.org/packages/e2/a0/834886b30e3b885a5a96e8358f1b3917bc0bac43ae4178d77f0c210d079b/wcwidth-0.9.1-cp310-abi3-manylinux2014_x86_64.manylinux_2_17_x86_64.whl", hash = "sha256:747fb724223f417a17541a95a17c1dac3a8ef9a0cf41684950f0eab191a35f65", size = 768443, upload-time = "2026-09-23T20:23:33.875Z" },
    { url = "https://files.pythonhosted.org/packages/a2/ae/1b7597e0132ebc2c920632f39d8c1c61881345c9b480c0a95eb91e7460fa/wcwidth-0.9.1-cp310-abi3-musllinux_1_2_aarch64.whl", hash = "sha256:6e1272b7986cefe79783737e38bdb9eaae0682b333c7bd132024441193dd5ce7", size = 781171, upload-time = "2026-09-23T20:23:29.46Z" },
    { url = "https://files.pythonhosted.org/packages/fb/bb/32149e3b481953f4ef35f38f166e2532886d33ae54ccdd71393f821dfad9/wcwidth-0.9.1-cp310-abi3-musllinux_1_2_i686.whl", hash = "sha256:fe021c4d8de9d36c31a0cb41d0d2546dadd3b0708a301f1a0c66ce200851831f", size = 781576, upload-time = "2026-09-23T20:23:35.504Z" },
    { url = "https://files.pythonhosted.org/packages/d6/72/1ee3dff67697bda93bc56ec9f7b3b89609cd64b9abb328512a2f22eb9e47/wcwidth-0.9.1-cp310-abi3-musllinux_1_2_x86_64.whl", hash = "sha256:708158c082364af442f9983de7b6ec9ac0d2e1b825ada25f0911b1f138d55405", size = 783526, upload-time = "2026-09-23T20:23:36.937Z" },
    { url = "https://files.pythonhosted.org/packages/ce/0a/e94f19a60f6127bcf3dfcf223ca05a37650d57b37b5ed623597c842ce7ca/wcwidth-0.9.1-cp310-abi3-win32.whl", hash = "sha256:356376852357b8fca71fe5415808ec421679e04b4a98eb7c9cb6a7984b911a05", size = 592136, upload-time = "2026-09-23T20:23:43.774Z" },
    { url = "https://files.pythonhosted.org/packages/3c/ff/d884d2ec7dcdc86cda742a86c7160bc726dbccae76d7ae1f9ac833c26680/wcwidth-0.9.1-cp310-abi3-win_amd64.whl", hash = "sha256:991d1c8834f548e9c1f16432075ee84638e122312556bbf1ed595ea8fffc4673", size = 596738, upload-time = "2026-09-23T20:23:44.989Z" },
    { url = "https://files.pythonhosted.org/packages/fa/93/16e30d617b937272a2310a6e3c1f9d8f94984e19ad4a96eb935628e3e6b6/wcwidth-0.9.1-cp310-abi3-win_arm64.whl", hash = "sha256:61bd7aef9cafb6cb77a37a169998d7928ce82a51522146d11f60db9e7d1cb43a", size = 594700, upload-time = "2026-09-23T20:23:41.013Z" },
    { url = "https://files.pythonhosted.org/packages/0b/fb/bf93868205814f03d63e5b91757cf5bee99e024ce951c2e91fdeaab49c59/wcwidth-0.9.1-cp314-cp314t-macosx_10_15_x86_64.whl", hash = "sha256:dc10e262c3ac0abbfd0a2a51e45a848b1b7f500b21ff512630277973ba25674d", size = 605391, upload-time = "2026-09-23T20:23:23.602Z" },
    { url = "https://files.pythonhosted.org/packages/59/bb/dd3ae682f8ab13b1bffd8d52320d2f7becc16e3200580015f52124636e3a/wcwidth-0.9.1-cp314-cp314t-macosx_11_0_arm64.whl", hash = "sha256:bcb9ed4a367cc025bf1092ac679a156759605182d60b7ed3c28f7221a42ddf55", size = 609851, upload-time = "2026-09-23T20:23:26.583Z" },
    { url = "https://files.pythonhosted.org/packages/56/e7/4f3a86953ab1f59eac15585795f7753da99370798f75b134d3cbf252b243/wcwidth-0.9.1-cp314-cp314t-manylinux1_i686.manylinux2014_i686.manylinux_2_17_i686.manylinux_2_5_i686.whl", hash = "sha256:0d68a30d504c68cfdff2a5f804675c1e7ab4c0bbe878024c8b680ec5579cde67", size = 774751, upload-time = "2026-09-23T20:23:38.473Z" },
    { url = "https://files.pythonhosted.org/packages/48/0c/a456332bb581ebf3eb1a7dedb1492747b15772ce82c0717cc05387a64a17/wcwidth-0.9.1-cp314-cp314t-manylinux2014_aarch64.manylinux_2_17_aarch64.whl", hash = "sha256:9f1636c5075ffd5c2e835b4561874f6e5dd2bbeba3c6c2c99f067d0d16883af8", size = 785798, upload-time = "2026-09-23T20:23:30.998Z" },
    { url = "https://files.pythonhosted.org/packages/1b/6e/a35de089370d6d872c5424d234e00a8580e62c1bff518ff583750e7b15f7/wcwidth-0.9.1-cp314-cp314t-manylinux2014_x86_64.manylinux_2_17_x86_64.whl", hash = "sha256:c4cead196551112cb8f43cdd1f80c235ef2456e34b1a9955c424537ec99961b2", size = 782933, upload-time = "2026-09-23T20:23:39.672Z" },
    { url = "https://files.pythonhosted.org/packages/ed/25/e39b6140d05f3aa8e2a6cbb2d679cba5767de7ac0a4860d1da246b6c36b3/wcwidth-0.9.1-cp314-cp314t-win32.whl", hash = "sha256:0665ee822ea04e25801e6e82e5407528be0863e88a17b0e7ca038843a4a3ac0c", size = 599829, upload-time = "2026-09-23T20:23:46.221Z" },
    { url = "https://files.pythonhosted.org/packages/12/ad/307b55d8e0a9484c48e8f78f40e9b9a4a9af0c9e2e1c5209ad6d5a09c77c/wcwidth-0.9.1-cp314-cp314t-win_amd64.whl", hash = "sha256:eab587e18e7cadf1a750b0098fc8bebfb62c125eb9306f2268f0443a282a3d78", size = 604398, upload-time = "2026-09-23T20:23:47.672Z" },
    { url = "https://files.pythonhosted.org/packages/36/f1/69566660f633e2a93df7dad7353761562e9f71bf8a5a7b1eb7f34793b45d/wcwidth-0.9.1-cp314-cp314t-win_arm64.whl", hash = "sha256:03cfca3dcbffa86564290fe3c9978a6191ba003e8ced7f7dbda315fcb3fbe725", size = 602291, upload-time = "2026-09-23T20:23:42.345Z" },
    { url = "https://files.pythonhosted.org/packages/96/a2/f06f2e0be4895e5943d358755b51968ace85774cf0a4cc42b4dafb793832/wcwidth-0.9.1-py3-none-any.whl", hash = "sha256:e0c3a1c45c5b9550c6919a4449e95f5b177f6e165786376981db8f1addae9b21", size = 300656, upload-time = "2026-09-23T20:23:20.674Z" },
]
